// !$*UTF8*$!
{
	archiveVersion = 1;
	classes = {
	};
	objectVersion = 46;
	objects = {

/* Begin PBXBuildFile section */
		5C3473D11B9A3F4300B3B7B1 /* EventViewController.swift in Sources */ = {isa = PBXBuildFile; fileRef = 5C3473CF1B9A3F4300B3B7B1 /* EventViewController.swift */; };
		5C3473D21B9A3F4300B3B7B1 /* EventViewController.xib in Resources */ = {isa = PBXBuildFile; fileRef = 5C3473D01B9A3F4300B3B7B1 /* EventViewController.xib */; };
		5C3473D51B9A418E00B3B7B1 /* EventsTableCell.swift in Sources */ = {isa = PBXBuildFile; fileRef = 5C3473D31B9A418E00B3B7B1 /* EventsTableCell.swift */; };
		5C3473D61B9A418E00B3B7B1 /* EventsTableCell.xib in Resources */ = {isa = PBXBuildFile; fileRef = 5C3473D41B9A418E00B3B7B1 /* EventsTableCell.xib */; };
		5C3473DD1B9A5A4A00B3B7B1 /* EditProfileViewController.swift in Sources */ = {isa = PBXBuildFile; fileRef = 5C3473DB1B9A5A4A00B3B7B1 /* EditProfileViewController.swift */; };
		5C3473DE1B9A5A4A00B3B7B1 /* EditProfileViewController.xib in Resources */ = {isa = PBXBuildFile; fileRef = 5C3473DC1B9A5A4A00B3B7B1 /* EditProfileViewController.xib */; };
		5C3473E11B9B133D00B3B7B1 /* SpecificGroupViewController.swift in Sources */ = {isa = PBXBuildFile; fileRef = 5C3473DF1B9B133D00B3B7B1 /* SpecificGroupViewController.swift */; };
		5C3473E21B9B133D00B3B7B1 /* SpecificGroupViewController.xib in Resources */ = {isa = PBXBuildFile; fileRef = 5C3473E01B9B133D00B3B7B1 /* SpecificGroupViewController.xib */; };
		5C4ED6A91B848BDC0060CD14 /* SettingsViewController.swift in Sources */ = {isa = PBXBuildFile; fileRef = 5C4ED6A71B848BDC0060CD14 /* SettingsViewController.swift */; };
		5C4ED6AA1B848BDC0060CD14 /* SettingsViewController.xib in Resources */ = {isa = PBXBuildFile; fileRef = 5C4ED6A81B848BDC0060CD14 /* SettingsViewController.xib */; };
		5C67B5E71B9BB1A700BDFA47 /* SignUpViewController.swift in Sources */ = {isa = PBXBuildFile; fileRef = 5C67B5E51B9BB1A700BDFA47 /* SignUpViewController.swift */; };
		5C67B5E81B9BB1A700BDFA47 /* SignUpViewController.xib in Resources */ = {isa = PBXBuildFile; fileRef = 5C67B5E61B9BB1A700BDFA47 /* SignUpViewController.xib */; };
		5C67B5EA1B9BB5B500BDFA47 /* ShakeAnimation.swift in Sources */ = {isa = PBXBuildFile; fileRef = 5C67B5E91B9BB5B500BDFA47 /* ShakeAnimation.swift */; };
		5C847B291B7ECC49001DC747 /* GroupViewController.swift in Sources */ = {isa = PBXBuildFile; fileRef = 5C847B271B7ECC49001DC747 /* GroupViewController.swift */; };
		5C8DFEFD1B756960001A5148 /* MainPageViewController.swift in Sources */ = {isa = PBXBuildFile; fileRef = 5C8DFEFC1B756960001A5148 /* MainPageViewController.swift */; };
		5C8F7B7A1B8AB69600EBAC46 /* PersonInfoViewController.swift in Sources */ = {isa = PBXBuildFile; fileRef = 5C8F7B781B8AB69600EBAC46 /* PersonInfoViewController.swift */; };
		5C8F7B7B1B8AB69600EBAC46 /* PersonInfoViewController.xib in Resources */ = {isa = PBXBuildFile; fileRef = 5C8F7B791B8AB69600EBAC46 /* PersonInfoViewController.xib */; };
		5C8F7B7E1B8AB6C700EBAC46 /* MessagingToAPersonViewController.swift in Sources */ = {isa = PBXBuildFile; fileRef = 5C8F7B7C1B8AB6C700EBAC46 /* MessagingToAPersonViewController.swift */; };
		5C8F7B7F1B8AB6C700EBAC46 /* MessagingToAPersonViewController.xib in Resources */ = {isa = PBXBuildFile; fileRef = 5C8F7B7D1B8AB6C700EBAC46 /* MessagingToAPersonViewController.xib */; };
		5C948B7C1B9CF94500EEF8DF /* GroupCollectionViewCell.swift in Sources */ = {isa = PBXBuildFile; fileRef = 5C948B7A1B9CF94500EEF8DF /* GroupCollectionViewCell.swift */; };
		5C948B7D1B9CF94500EEF8DF /* GroupCollectionViewCell.xib in Resources */ = {isa = PBXBuildFile; fileRef = 5C948B7B1B9CF94500EEF8DF /* GroupCollectionViewCell.xib */; };
		5C948B841B9D38AC00EEF8DF /* MessagesTableViewCell.swift in Sources */ = {isa = PBXBuildFile; fileRef = 5C948B821B9D38AC00EEF8DF /* MessagesTableViewCell.swift */; };
		5C948B851B9D38AC00EEF8DF /* MessagesTableViewCell.xib in Resources */ = {isa = PBXBuildFile; fileRef = 5C948B831B9D38AC00EEF8DF /* MessagesTableViewCell.xib */; };
		5CD4BFB61B9BDD3700D07D1B /* DetailsChecker.swift in Sources */ = {isa = PBXBuildFile; fileRef = 5CD4BFB51B9BDD3700D07D1B /* DetailsChecker.swift */; };
		5CEBCE661B92223600F0FCC4 /* AddAGroupRequestViewController.swift in Sources */ = {isa = PBXBuildFile; fileRef = 5CEBCE641B92223600F0FCC4 /* AddAGroupRequestViewController.swift */; };
		5CEBCE671B92223600F0FCC4 /* AddAGroupRequestViewController.xib in Resources */ = {isa = PBXBuildFile; fileRef = 5CEBCE651B92223600F0FCC4 /* AddAGroupRequestViewController.xib */; };
		84C6367A1B83F36900C53212 /* MessagingViewController.swift in Sources */ = {isa = PBXBuildFile; fileRef = 84C636791B83F36900C53212 /* MessagingViewController.swift */; };
		84C6367C1B83F38400C53212 /* MessagingViewController.xib in Resources */ = {isa = PBXBuildFile; fileRef = 84C6367B1B83F38400C53212 /* MessagingViewController.xib */; };
		84C636801B83FA1600C53212 /* APIWrapper.m in Sources */ = {isa = PBXBuildFile; fileRef = 84C6367F1B83FA1600C53212 /* APIWrapper.m */; };
		84EAAFF31B755FC800D7E59C /* AppDelegate.swift in Sources */ = {isa = PBXBuildFile; fileRef = 84EAAFF21B755FC800D7E59C /* AppDelegate.swift */; };
		84EAAFF61B755FC800D7E59C /* Bruin_App_Builders.xcdatamodeld in Sources */ = {isa = PBXBuildFile; fileRef = 84EAAFF41B755FC800D7E59C /* Bruin_App_Builders.xcdatamodeld */; };
		84EAAFFD1B755FC800D7E59C /* Images.xcassets in Resources */ = {isa = PBXBuildFile; fileRef = 84EAAFFC1B755FC800D7E59C /* Images.xcassets */; };
		84EAB00C1B755FC800D7E59C /* Bruin_App_BuildersTests.swift in Sources */ = {isa = PBXBuildFile; fileRef = 84EAB00B1B755FC800D7E59C /* Bruin_App_BuildersTests.swift */; };
		84EAB0171B75608500D7E59C /* LoginViewController.swift in Sources */ = {isa = PBXBuildFile; fileRef = 84EAB0151B75608500D7E59C /* LoginViewController.swift */; };
		84EAB0181B75608500D7E59C /* LoginViewController.xib in Resources */ = {isa = PBXBuildFile; fileRef = 84EAB0161B75608500D7E59C /* LoginViewController.xib */; };
		F6BA563FAAA9560A7D9E3040 /* libPods.a in Frameworks */ = {isa = PBXBuildFile; fileRef = 17441324BB07FB89509A9EC2 /* libPods.a */; };
/* End PBXBuildFile section */

/* Begin PBXContainerItemProxy section */
		84EAB0061B755FC800D7E59C /* PBXContainerItemProxy */ = {
			isa = PBXContainerItemProxy;
			containerPortal = 84EAAFE51B755FC800D7E59C /* Project object */;
			proxyType = 1;
			remoteGlobalIDString = 84EAAFEC1B755FC800D7E59C;
			remoteInfo = "Bruin App Builders";
		};
/* End PBXContainerItemProxy section */

/* Begin PBXFileReference section */
		17441324BB07FB89509A9EC2 /* libPods.a */ = {isa = PBXFileReference; explicitFileType = archive.ar; includeInIndex = 0; path = libPods.a; sourceTree = BUILT_PRODUCTS_DIR; };
		5C3473CF1B9A3F4300B3B7B1 /* EventViewController.swift */ = {isa = PBXFileReference; fileEncoding = 4; lastKnownFileType = sourcecode.swift; path = EventViewController.swift; sourceTree = "<group>"; };
		5C3473D01B9A3F4300B3B7B1 /* EventViewController.xib */ = {isa = PBXFileReference; fileEncoding = 4; lastKnownFileType = file.xib; path = EventViewController.xib; sourceTree = "<group>"; };
		5C3473D31B9A418E00B3B7B1 /* EventsTableCell.swift */ = {isa = PBXFileReference; fileEncoding = 4; lastKnownFileType = sourcecode.swift; path = EventsTableCell.swift; sourceTree = "<group>"; };
		5C3473D41B9A418E00B3B7B1 /* EventsTableCell.xib */ = {isa = PBXFileReference; fileEncoding = 4; lastKnownFileType = file.xib; path = EventsTableCell.xib; sourceTree = "<group>"; };
		5C3473DB1B9A5A4A00B3B7B1 /* EditProfileViewController.swift */ = {isa = PBXFileReference; fileEncoding = 4; lastKnownFileType = sourcecode.swift; path = EditProfileViewController.swift; sourceTree = "<group>"; };
		5C3473DC1B9A5A4A00B3B7B1 /* EditProfileViewController.xib */ = {isa = PBXFileReference; fileEncoding = 4; lastKnownFileType = file.xib; path = EditProfileViewController.xib; sourceTree = "<group>"; };
		5C3473DF1B9B133D00B3B7B1 /* SpecificGroupViewController.swift */ = {isa = PBXFileReference; fileEncoding = 4; lastKnownFileType = sourcecode.swift; path = SpecificGroupViewController.swift; sourceTree = "<group>"; };
		5C3473E01B9B133D00B3B7B1 /* SpecificGroupViewController.xib */ = {isa = PBXFileReference; fileEncoding = 4; lastKnownFileType = file.xib; path = SpecificGroupViewController.xib; sourceTree = "<group>"; };
		5C4ED6A71B848BDC0060CD14 /* SettingsViewController.swift */ = {isa = PBXFileReference; fileEncoding = 4; lastKnownFileType = sourcecode.swift; path = SettingsViewController.swift; sourceTree = "<group>"; };
		5C4ED6A81B848BDC0060CD14 /* SettingsViewController.xib */ = {isa = PBXFileReference; fileEncoding = 4; lastKnownFileType = file.xib; path = SettingsViewController.xib; sourceTree = "<group>"; };
		5C67B5E51B9BB1A700BDFA47 /* SignUpViewController.swift */ = {isa = PBXFileReference; fileEncoding = 4; lastKnownFileType = sourcecode.swift; path = SignUpViewController.swift; sourceTree = "<group>"; };
		5C67B5E61B9BB1A700BDFA47 /* SignUpViewController.xib */ = {isa = PBXFileReference; fileEncoding = 4; lastKnownFileType = file.xib; path = SignUpViewController.xib; sourceTree = "<group>"; };
		5C67B5E91B9BB5B500BDFA47 /* ShakeAnimation.swift */ = {isa = PBXFileReference; fileEncoding = 4; lastKnownFileType = sourcecode.swift; path = ShakeAnimation.swift; sourceTree = "<group>"; };
		5C847B271B7ECC49001DC747 /* GroupViewController.swift */ = {isa = PBXFileReference; fileEncoding = 4; lastKnownFileType = sourcecode.swift; path = GroupViewController.swift; sourceTree = "<group>"; };
		5C8DFEFC1B756960001A5148 /* MainPageViewController.swift */ = {isa = PBXFileReference; fileEncoding = 4; lastKnownFileType = sourcecode.swift; path = MainPageViewController.swift; sourceTree = "<group>"; };
		5C8F7B781B8AB69600EBAC46 /* PersonInfoViewController.swift */ = {isa = PBXFileReference; fileEncoding = 4; lastKnownFileType = sourcecode.swift; path = PersonInfoViewController.swift; sourceTree = "<group>"; };
		5C8F7B791B8AB69600EBAC46 /* PersonInfoViewController.xib */ = {isa = PBXFileReference; fileEncoding = 4; lastKnownFileType = file.xib; path = PersonInfoViewController.xib; sourceTree = "<group>"; };
		5C8F7B7C1B8AB6C700EBAC46 /* MessagingToAPersonViewController.swift */ = {isa = PBXFileReference; fileEncoding = 4; lastKnownFileType = sourcecode.swift; path = MessagingToAPersonViewController.swift; sourceTree = "<group>"; };
		5C8F7B7D1B8AB6C700EBAC46 /* MessagingToAPersonViewController.xib */ = {isa = PBXFileReference; fileEncoding = 4; lastKnownFileType = file.xib; path = MessagingToAPersonViewController.xib; sourceTree = "<group>"; };
		5C948B7A1B9CF94500EEF8DF /* GroupCollectionViewCell.swift */ = {isa = PBXFileReference; fileEncoding = 4; lastKnownFileType = sourcecode.swift; path = GroupCollectionViewCell.swift; sourceTree = "<group>"; };
		5C948B7B1B9CF94500EEF8DF /* GroupCollectionViewCell.xib */ = {isa = PBXFileReference; fileEncoding = 4; lastKnownFileType = file.xib; path = GroupCollectionViewCell.xib; sourceTree = "<group>"; };
		5C948B821B9D38AC00EEF8DF /* MessagesTableViewCell.swift */ = {isa = PBXFileReference; fileEncoding = 4; lastKnownFileType = sourcecode.swift; path = MessagesTableViewCell.swift; sourceTree = "<group>"; };
		5C948B831B9D38AC00EEF8DF /* MessagesTableViewCell.xib */ = {isa = PBXFileReference; fileEncoding = 4; lastKnownFileType = file.xib; path = MessagesTableViewCell.xib; sourceTree = "<group>"; };
		5CD4BFB51B9BDD3700D07D1B /* DetailsChecker.swift */ = {isa = PBXFileReference; fileEncoding = 4; lastKnownFileType = sourcecode.swift; path = DetailsChecker.swift; sourceTree = "<group>"; };
		5CEBCE641B92223600F0FCC4 /* AddAGroupRequestViewController.swift */ = {isa = PBXFileReference; fileEncoding = 4; lastKnownFileType = sourcecode.swift; path = AddAGroupRequestViewController.swift; sourceTree = "<group>"; };
		5CEBCE651B92223600F0FCC4 /* AddAGroupRequestViewController.xib */ = {isa = PBXFileReference; fileEncoding = 4; lastKnownFileType = file.xib; path = AddAGroupRequestViewController.xib; sourceTree = "<group>"; };
		84C636791B83F36900C53212 /* MessagingViewController.swift */ = {isa = PBXFileReference; fileEncoding = 4; lastKnownFileType = sourcecode.swift; path = MessagingViewController.swift; sourceTree = "<group>"; };
		84C6367B1B83F38400C53212 /* MessagingViewController.xib */ = {isa = PBXFileReference; fileEncoding = 4; lastKnownFileType = file.xib; path = MessagingViewController.xib; sourceTree = "<group>"; };
		84C6367D1B83FA1500C53212 /* Bruin App Builders-Bridging-Header.h */ = {isa = PBXFileReference; lastKnownFileType = sourcecode.c.h; path = "Bruin App Builders-Bridging-Header.h"; sourceTree = "<group>"; };
		84C6367E1B83FA1600C53212 /* APIWrapper.h */ = {isa = PBXFileReference; fileEncoding = 4; lastKnownFileType = sourcecode.c.h; path = APIWrapper.h; sourceTree = "<group>"; };
		84C6367F1B83FA1600C53212 /* APIWrapper.m */ = {isa = PBXFileReference; fileEncoding = 4; lastKnownFileType = sourcecode.c.objc; path = APIWrapper.m; sourceTree = "<group>"; };
		84C636811B83FB5500C53212 /* APIURLs.h */ = {isa = PBXFileReference; lastKnownFileType = sourcecode.c.h; path = APIURLs.h; sourceTree = "<group>"; };
		84EAAFED1B755FC800D7E59C /* Bruin App Builders.app */ = {isa = PBXFileReference; explicitFileType = wrapper.application; includeInIndex = 0; path = "Bruin App Builders.app"; sourceTree = BUILT_PRODUCTS_DIR; };
		84EAAFF11B755FC800D7E59C /* Info.plist */ = {isa = PBXFileReference; lastKnownFileType = text.plist.xml; path = Info.plist; sourceTree = "<group>"; };
		84EAAFF21B755FC800D7E59C /* AppDelegate.swift */ = {isa = PBXFileReference; lastKnownFileType = sourcecode.swift; path = AppDelegate.swift; sourceTree = "<group>"; };
		84EAAFF51B755FC800D7E59C /* Bruin_App_Builders.xcdatamodel */ = {isa = PBXFileReference; lastKnownFileType = wrapper.xcdatamodel; path = Bruin_App_Builders.xcdatamodel; sourceTree = "<group>"; };
		84EAAFFC1B755FC800D7E59C /* Images.xcassets */ = {isa = PBXFileReference; lastKnownFileType = folder.assetcatalog; path = Images.xcassets; sourceTree = "<group>"; };
		84EAB0051B755FC800D7E59C /* Bruin App BuildersTests.xctest */ = {isa = PBXFileReference; explicitFileType = wrapper.cfbundle; includeInIndex = 0; path = "Bruin App BuildersTests.xctest"; sourceTree = BUILT_PRODUCTS_DIR; };
		84EAB00A1B755FC800D7E59C /* Info.plist */ = {isa = PBXFileReference; lastKnownFileType = text.plist.xml; path = Info.plist; sourceTree = "<group>"; };
		84EAB00B1B755FC800D7E59C /* Bruin_App_BuildersTests.swift */ = {isa = PBXFileReference; lastKnownFileType = sourcecode.swift; path = Bruin_App_BuildersTests.swift; sourceTree = "<group>"; };
		84EAB0151B75608500D7E59C /* LoginViewController.swift */ = {isa = PBXFileReference; fileEncoding = 4; lastKnownFileType = sourcecode.swift; path = LoginViewController.swift; sourceTree = "<group>"; };
		84EAB0161B75608500D7E59C /* LoginViewController.xib */ = {isa = PBXFileReference; fileEncoding = 4; lastKnownFileType = file.xib; path = LoginViewController.xib; sourceTree = "<group>"; };
		A16E3AEA7B2FC07E0948E251 /* Pods.release.xcconfig */ = {isa = PBXFileReference; includeInIndex = 1; lastKnownFileType = text.xcconfig; name = Pods.release.xcconfig; path = "Pods/Target Support Files/Pods/Pods.release.xcconfig"; sourceTree = "<group>"; };
		BA24D3CE2891132160D8B17F /* Pods.debug.xcconfig */ = {isa = PBXFileReference; includeInIndex = 1; lastKnownFileType = text.xcconfig; name = Pods.debug.xcconfig; path = "Pods/Target Support Files/Pods/Pods.debug.xcconfig"; sourceTree = "<group>"; };
/* End PBXFileReference section */

/* Begin PBXFrameworksBuildPhase section */
		84EAAFEA1B755FC800D7E59C /* Frameworks */ = {
			isa = PBXFrameworksBuildPhase;
			buildActionMask = 2147483647;
			files = (
				F6BA563FAAA9560A7D9E3040 /* libPods.a in Frameworks */,
			);
			runOnlyForDeploymentPostprocessing = 0;
		};
		84EAB0021B755FC800D7E59C /* Frameworks */ = {
			isa = PBXFrameworksBuildPhase;
			buildActionMask = 2147483647;
			files = (
			);
			runOnlyForDeploymentPostprocessing = 0;
		};
/* End PBXFrameworksBuildPhase section */

/* Begin PBXGroup section */
		173DFBD247DF6DF0BD2AA576 /* Pods */ = {
			isa = PBXGroup;
			children = (
				BA24D3CE2891132160D8B17F /* Pods.debug.xcconfig */,
				A16E3AEA7B2FC07E0948E251 /* Pods.release.xcconfig */,
			);
			name = Pods;
			sourceTree = "<group>";
		};
		842237D61B9ABE3B008CDE22 /* CustomViews */ = {
			isa = PBXGroup;
			children = (
				5C948B7A1B9CF94500EEF8DF /* GroupCollectionViewCell.swift */,
				5C948B7B1B9CF94500EEF8DF /* GroupCollectionViewCell.xib */,
				5C3473D31B9A418E00B3B7B1 /* EventsTableCell.swift */,
				5C3473D41B9A418E00B3B7B1 /* EventsTableCell.xib */,
				5C948B821B9D38AC00EEF8DF /* MessagesTableViewCell.swift */,
				5C948B831B9D38AC00EEF8DF /* MessagesTableViewCell.xib */,
			);
			name = CustomViews;
			sourceTree = "<group>";
		};
		842237D71B9ABE50008CDE22 /* MainNavigationVCs */ = {
			isa = PBXGroup;
			children = (
				5C8DFEFC1B756960001A5148 /* MainPageViewController.swift */,
				5C847B271B7ECC49001DC747 /* GroupViewController.swift */,
				84C636791B83F36900C53212 /* MessagingViewController.swift */,
				84C6367B1B83F38400C53212 /* MessagingViewController.xib */,
				5C3473CF1B9A3F4300B3B7B1 /* EventViewController.swift */,
				5C3473D01B9A3F4300B3B7B1 /* EventViewController.xib */,
				5C4ED6A71B848BDC0060CD14 /* SettingsViewController.swift */,
				5C4ED6A81B848BDC0060CD14 /* SettingsViewController.xib */,
			);
			name = MainNavigationVCs;
			sourceTree = "<group>";
		};
		842237D81B9ABE68008CDE22 /* SecondaryVCs */ = {
			isa = PBXGroup;
			children = (
				5CEBCE641B92223600F0FCC4 /* AddAGroupRequestViewController.swift */,
				5CEBCE651B92223600F0FCC4 /* AddAGroupRequestViewController.xib */,
				5C8F7B7C1B8AB6C700EBAC46 /* MessagingToAPersonViewController.swift */,
				5C8F7B7D1B8AB6C700EBAC46 /* MessagingToAPersonViewController.xib */,
				5C8F7B781B8AB69600EBAC46 /* PersonInfoViewController.swift */,
				5C8F7B791B8AB69600EBAC46 /* PersonInfoViewController.xib */,
				5C3473DB1B9A5A4A00B3B7B1 /* EditProfileViewController.swift */,
				5C3473DC1B9A5A4A00B3B7B1 /* EditProfileViewController.xib */,
				5C3473DF1B9B133D00B3B7B1 /* SpecificGroupViewController.swift */,
				5C3473E01B9B133D00B3B7B1 /* SpecificGroupViewController.xib */,
			);
			name = SecondaryVCs;
			sourceTree = "<group>";
		};
		84EAAFE41B755FC800D7E59C = {
			isa = PBXGroup;
			children = (
				84EAAFEF1B755FC800D7E59C /* Bruin App Builders */,
				84EAB0081B755FC800D7E59C /* Bruin App BuildersTests */,
				84EAAFEE1B755FC800D7E59C /* Products */,
				173DFBD247DF6DF0BD2AA576 /* Pods */,
				B71E8CD7E3A1B3F8F1AF72A1 /* Frameworks */,
			);
			sourceTree = "<group>";
		};
		84EAAFEE1B755FC800D7E59C /* Products */ = {
			isa = PBXGroup;
			children = (
				84EAAFED1B755FC800D7E59C /* Bruin App Builders.app */,
				84EAB0051B755FC800D7E59C /* Bruin App BuildersTests.xctest */,
			);
			name = Products;
			sourceTree = "<group>";
		};
		84EAAFEF1B755FC800D7E59C /* Bruin App Builders */ = {
			isa = PBXGroup;
			children = (
				842237D81B9ABE68008CDE22 /* SecondaryVCs */,
				842237D71B9ABE50008CDE22 /* MainNavigationVCs */,
				842237D61B9ABE3B008CDE22 /* CustomViews */,
				84EAB0151B75608500D7E59C /* LoginViewController.swift */,
				84EAB0161B75608500D7E59C /* LoginViewController.xib */,
				5C67B5E51B9BB1A700BDFA47 /* SignUpViewController.swift */,
				5C67B5E61B9BB1A700BDFA47 /* SignUpViewController.xib */,
				5CD4BFB51B9BDD3700D07D1B /* DetailsChecker.swift */,
				5C67B5E91B9BB5B500BDFA47 /* ShakeAnimation.swift */,
				84EAAFFC1B755FC800D7E59C /* Images.xcassets */,
				84EAAFF41B755FC800D7E59C /* Bruin_App_Builders.xcdatamodeld */,
				84EAAFF01B755FC800D7E59C /* Supporting Files */,
				84C6367E1B83FA1600C53212 /* APIWrapper.h */,
				84C6367F1B83FA1600C53212 /* APIWrapper.m */,
				84C6367D1B83FA1500C53212 /* Bruin App Builders-Bridging-Header.h */,
				84C636811B83FB5500C53212 /* APIURLs.h */,
			);
			path = "Bruin App Builders";
			sourceTree = "<group>";
		};
		84EAAFF01B755FC800D7E59C /* Supporting Files */ = {
			isa = PBXGroup;
			children = (
				84EAAFF21B755FC800D7E59C /* AppDelegate.swift */,
				84EAAFF11B755FC800D7E59C /* Info.plist */,
			);
			name = "Supporting Files";
			sourceTree = "<group>";
		};
		84EAB0081B755FC800D7E59C /* Bruin App BuildersTests */ = {
			isa = PBXGroup;
			children = (
				84EAB00B1B755FC800D7E59C /* Bruin_App_BuildersTests.swift */,
				84EAB0091B755FC800D7E59C /* Supporting Files */,
			);
			path = "Bruin App BuildersTests";
			sourceTree = "<group>";
		};
		84EAB0091B755FC800D7E59C /* Supporting Files */ = {
			isa = PBXGroup;
			children = (
				84EAB00A1B755FC800D7E59C /* Info.plist */,
			);
			name = "Supporting Files";
			sourceTree = "<group>";
		};
		B71E8CD7E3A1B3F8F1AF72A1 /* Frameworks */ = {
			isa = PBXGroup;
			children = (
				17441324BB07FB89509A9EC2 /* libPods.a */,
			);
			name = Frameworks;
			sourceTree = "<group>";
		};
/* End PBXGroup section */

/* Begin PBXNativeTarget section */
		84EAAFEC1B755FC800D7E59C /* Bruin App Builders */ = {
			isa = PBXNativeTarget;
			buildConfigurationList = 84EAB00F1B755FC800D7E59C /* Build configuration list for PBXNativeTarget "Bruin App Builders" */;
			buildPhases = (
				E921880D8ADE5EFE76E568A1 /* Check Pods Manifest.lock */,
				84EAAFE91B755FC800D7E59C /* Sources */,
				84EAAFEA1B755FC800D7E59C /* Frameworks */,
				84EAAFEB1B755FC800D7E59C /* Resources */,
				B2E1A27078975BB77D55555C /* Copy Pods Resources */,
			);
			buildRules = (
			);
			dependencies = (
			);
			name = "Bruin App Builders";
			productName = "Bruin App Builders";
			productReference = 84EAAFED1B755FC800D7E59C /* Bruin App Builders.app */;
			productType = "com.apple.product-type.application";
		};
		84EAB0041B755FC800D7E59C /* Bruin App BuildersTests */ = {
			isa = PBXNativeTarget;
			buildConfigurationList = 84EAB0121B755FC800D7E59C /* Build configuration list for PBXNativeTarget "Bruin App BuildersTests" */;
			buildPhases = (
				84EAB0011B755FC800D7E59C /* Sources */,
				84EAB0021B755FC800D7E59C /* Frameworks */,
				84EAB0031B755FC800D7E59C /* Resources */,
			);
			buildRules = (
			);
			dependencies = (
				84EAB0071B755FC800D7E59C /* PBXTargetDependency */,
			);
			name = "Bruin App BuildersTests";
			productName = "Bruin App BuildersTests";
			productReference = 84EAB0051B755FC800D7E59C /* Bruin App BuildersTests.xctest */;
			productType = "com.apple.product-type.bundle.unit-test";
		};
/* End PBXNativeTarget section */

/* Begin PBXProject section */
		84EAAFE51B755FC800D7E59C /* Project object */ = {
			isa = PBXProject;
			attributes = {
				LastUpgradeCheck = 0640;
				ORGANIZATIONNAME = "Gu Studios";
				TargetAttributes = {
					84EAAFEC1B755FC800D7E59C = {
						CreatedOnToolsVersion = 6.4;
						SystemCapabilities = {
							com.apple.BackgroundModes = {
								enabled = 1;
							};
						};
					};
					84EAB0041B755FC800D7E59C = {
						CreatedOnToolsVersion = 6.4;
						TestTargetID = 84EAAFEC1B755FC800D7E59C;
					};
				};
			};
			buildConfigurationList = 84EAAFE81B755FC800D7E59C /* Build configuration list for PBXProject "Bruin App Builders" */;
			compatibilityVersion = "Xcode 3.2";
			developmentRegion = English;
			hasScannedForEncodings = 0;
			knownRegions = (
				en,
				Base,
			);
			mainGroup = 84EAAFE41B755FC800D7E59C;
			productRefGroup = 84EAAFEE1B755FC800D7E59C /* Products */;
			projectDirPath = "";
			projectRoot = "";
			targets = (
				84EAAFEC1B755FC800D7E59C /* Bruin App Builders */,
				84EAB0041B755FC800D7E59C /* Bruin App BuildersTests */,
			);
		};
/* End PBXProject section */

/* Begin PBXResourcesBuildPhase section */
		84EAAFEB1B755FC800D7E59C /* Resources */ = {
			isa = PBXResourcesBuildPhase;
			buildActionMask = 2147483647;
			files = (
				5CEBCE671B92223600F0FCC4 /* AddAGroupRequestViewController.xib in Resources */,
				5C3473E21B9B133D00B3B7B1 /* SpecificGroupViewController.xib in Resources */,
				5C3473D21B9A3F4300B3B7B1 /* EventViewController.xib in Resources */,
				5C3473DE1B9A5A4A00B3B7B1 /* EditProfileViewController.xib in Resources */,
				5C3473D61B9A418E00B3B7B1 /* EventsTableCell.xib in Resources */,
				5C948B851B9D38AC00EEF8DF /* MessagesTableViewCell.xib in Resources */,
				5C8F7B7F1B8AB6C700EBAC46 /* MessagingToAPersonViewController.xib in Resources */,
				84C6367C1B83F38400C53212 /* MessagingViewController.xib in Resources */,
				84EAB0181B75608500D7E59C /* LoginViewController.xib in Resources */,
				84EAAFFD1B755FC800D7E59C /* Images.xcassets in Resources */,
				5C4ED6AA1B848BDC0060CD14 /* SettingsViewController.xib in Resources */,
				5C67B5E81B9BB1A700BDFA47 /* SignUpViewController.xib in Resources */,
				5C948B7D1B9CF94500EEF8DF /* GroupCollectionViewCell.xib in Resources */,
				5C8F7B7B1B8AB69600EBAC46 /* PersonInfoViewController.xib in Resources */,
			);
			runOnlyForDeploymentPostprocessing = 0;
		};
		84EAB0031B755FC800D7E59C /* Resources */ = {
			isa = PBXResourcesBuildPhase;
			buildActionMask = 2147483647;
			files = (
			);
			runOnlyForDeploymentPostprocessing = 0;
		};
/* End PBXResourcesBuildPhase section */

/* Begin PBXShellScriptBuildPhase section */
		B2E1A27078975BB77D55555C /* Copy Pods Resources */ = {
			isa = PBXShellScriptBuildPhase;
			buildActionMask = 2147483647;
			files = (
			);
			inputPaths = (
			);
			name = "Copy Pods Resources";
			outputPaths = (
			);
			runOnlyForDeploymentPostprocessing = 0;
			shellPath = /bin/sh;
			shellScript = "\"${SRCROOT}/Pods/Target Support Files/Pods/Pods-resources.sh\"\n";
			showEnvVarsInLog = 0;
		};
		E921880D8ADE5EFE76E568A1 /* Check Pods Manifest.lock */ = {
			isa = PBXShellScriptBuildPhase;
			buildActionMask = 2147483647;
			files = (
			);
			inputPaths = (
			);
			name = "Check Pods Manifest.lock";
			outputPaths = (
			);
			runOnlyForDeploymentPostprocessing = 0;
			shellPath = /bin/sh;
			shellScript = "diff \"${PODS_ROOT}/../Podfile.lock\" \"${PODS_ROOT}/Manifest.lock\" > /dev/null\nif [[ $? != 0 ]] ; then\n    cat << EOM\nerror: The sandbox is not in sync with the Podfile.lock. Run 'pod install' or update your CocoaPods installation.\nEOM\n    exit 1\nfi\n";
			showEnvVarsInLog = 0;
		};
/* End PBXShellScriptBuildPhase section */

/* Begin PBXSourcesBuildPhase section */
		84EAAFE91B755FC800D7E59C /* Sources */ = {
			isa = PBXSourcesBuildPhase;
			buildActionMask = 2147483647;
			files = (
				5C8DFEFD1B756960001A5148 /* MainPageViewController.swift in Sources */,
				84C636801B83FA1600C53212 /* APIWrapper.m in Sources */,
				5CEBCE661B92223600F0FCC4 /* AddAGroupRequestViewController.swift in Sources */,
				84EAB0171B75608500D7E59C /* LoginViewController.swift in Sources */,
				5C948B7C1B9CF94500EEF8DF /* GroupCollectionViewCell.swift in Sources */,
				5C8F7B7E1B8AB6C700EBAC46 /* MessagingToAPersonViewController.swift in Sources */,
				5C3473D11B9A3F4300B3B7B1 /* EventViewController.swift in Sources */,
				5C3473DD1B9A5A4A00B3B7B1 /* EditProfileViewController.swift in Sources */,
				84EAAFF61B755FC800D7E59C /* Bruin_App_Builders.xcdatamodeld in Sources */,
				5CD4BFB61B9BDD3700D07D1B /* DetailsChecker.swift in Sources */,
				5C3473E11B9B133D00B3B7B1 /* SpecificGroupViewController.swift in Sources */,
				5C67B5EA1B9BB5B500BDFA47 /* ShakeAnimation.swift in Sources */,
				5C8F7B7A1B8AB69600EBAC46 /* PersonInfoViewController.swift in Sources */,
				5C67B5E71B9BB1A700BDFA47 /* SignUpViewController.swift in Sources */,
				84EAAFF31B755FC800D7E59C /* AppDelegate.swift in Sources */,
				5C847B291B7ECC49001DC747 /* GroupViewController.swift in Sources */,
				5C3473D51B9A418E00B3B7B1 /* EventsTableCell.swift in Sources */,
				5C948B841B9D38AC00EEF8DF /* MessagesTableViewCell.swift in Sources */,
				84C6367A1B83F36900C53212 /* MessagingViewController.swift in Sources */,
				5C4ED6A91B848BDC0060CD14 /* SettingsViewController.swift in Sources */,
			);
			runOnlyForDeploymentPostprocessing = 0;
		};
		84EAB0011B755FC800D7E59C /* Sources */ = {
			isa = PBXSourcesBuildPhase;
			buildActionMask = 2147483647;
			files = (
				84EAB00C1B755FC800D7E59C /* Bruin_App_BuildersTests.swift in Sources */,
			);
			runOnlyForDeploymentPostprocessing = 0;
		};
/* End PBXSourcesBuildPhase section */

/* Begin PBXTargetDependency section */
		84EAB0071B755FC800D7E59C /* PBXTargetDependency */ = {
			isa = PBXTargetDependency;
			target = 84EAAFEC1B755FC800D7E59C /* Bruin App Builders */;
			targetProxy = 84EAB0061B755FC800D7E59C /* PBXContainerItemProxy */;
		};
/* End PBXTargetDependency section */

/* Begin XCBuildConfiguration section */
		84EAB00D1B755FC800D7E59C /* Debug */ = {
			isa = XCBuildConfiguration;
			buildSettings = {
				ALWAYS_SEARCH_USER_PATHS = NO;
				CLANG_CXX_LANGUAGE_STANDARD = "gnu++0x";
				CLANG_CXX_LIBRARY = "libc++";
				CLANG_ENABLE_MODULES = YES;
				CLANG_ENABLE_OBJC_ARC = YES;
				CLANG_WARN_BOOL_CONVERSION = YES;
				CLANG_WARN_CONSTANT_CONVERSION = YES;
				CLANG_WARN_DIRECT_OBJC_ISA_USAGE = YES_ERROR;
				CLANG_WARN_EMPTY_BODY = YES;
				CLANG_WARN_ENUM_CONVERSION = YES;
				CLANG_WARN_INT_CONVERSION = YES;
				CLANG_WARN_OBJC_ROOT_CLASS = YES_ERROR;
				CLANG_WARN_UNREACHABLE_CODE = YES;
				CLANG_WARN__DUPLICATE_METHOD_MATCH = YES;
				"CODE_SIGN_IDENTITY[sdk=iphoneos*]" = "iPhone Developer";
				COPY_PHASE_STRIP = NO;
				DEBUG_INFORMATION_FORMAT = "dwarf-with-dsym";
				ENABLE_STRICT_OBJC_MSGSEND = YES;
				GCC_C_LANGUAGE_STANDARD = gnu99;
				GCC_DYNAMIC_NO_PIC = NO;
				GCC_NO_COMMON_BLOCKS = YES;
				GCC_OPTIMIZATION_LEVEL = 0;
				GCC_PREPROCESSOR_DEFINITIONS = (
					"DEBUG=1",
					"$(inherited)",
				);
				GCC_SYMBOLS_PRIVATE_EXTERN = NO;
				GCC_WARN_64_TO_32_BIT_CONVERSION = YES;
				GCC_WARN_ABOUT_RETURN_TYPE = YES_ERROR;
				GCC_WARN_UNDECLARED_SELECTOR = YES;
				GCC_WARN_UNINITIALIZED_AUTOS = YES_AGGRESSIVE;
				GCC_WARN_UNUSED_FUNCTION = YES;
				GCC_WARN_UNUSED_VARIABLE = YES;
				IPHONEOS_DEPLOYMENT_TARGET = 8.4;
				MTL_ENABLE_DEBUG_INFO = YES;
				ONLY_ACTIVE_ARCH = YES;
				SDKROOT = iphoneos;
				SWIFT_OPTIMIZATION_LEVEL = "-Onone";
			};
			name = Debug;
		};
		84EAB00E1B755FC800D7E59C /* Release */ = {
			isa = XCBuildConfiguration;
			buildSettings = {
				ALWAYS_SEARCH_USER_PATHS = NO;
				CLANG_CXX_LANGUAGE_STANDARD = "gnu++0x";
				CLANG_CXX_LIBRARY = "libc++";
				CLANG_ENABLE_MODULES = YES;
				CLANG_ENABLE_OBJC_ARC = YES;
				CLANG_WARN_BOOL_CONVERSION = YES;
				CLANG_WARN_CONSTANT_CONVERSION = YES;
				CLANG_WARN_DIRECT_OBJC_ISA_USAGE = YES_ERROR;
				CLANG_WARN_EMPTY_BODY = YES;
				CLANG_WARN_ENUM_CONVERSION = YES;
				CLANG_WARN_INT_CONVERSION = YES;
				CLANG_WARN_OBJC_ROOT_CLASS = YES_ERROR;
				CLANG_WARN_UNREACHABLE_CODE = YES;
				CLANG_WARN__DUPLICATE_METHOD_MATCH = YES;
				"CODE_SIGN_IDENTITY[sdk=iphoneos*]" = "iPhone Developer";
				COPY_PHASE_STRIP = NO;
				DEBUG_INFORMATION_FORMAT = "dwarf-with-dsym";
				ENABLE_NS_ASSERTIONS = NO;
				ENABLE_STRICT_OBJC_MSGSEND = YES;
				GCC_C_LANGUAGE_STANDARD = gnu99;
				GCC_NO_COMMON_BLOCKS = YES;
				GCC_WARN_64_TO_32_BIT_CONVERSION = YES;
				GCC_WARN_ABOUT_RETURN_TYPE = YES_ERROR;
				GCC_WARN_UNDECLARED_SELECTOR = YES;
				GCC_WARN_UNINITIALIZED_AUTOS = YES_AGGRESSIVE;
				GCC_WARN_UNUSED_FUNCTION = YES;
				GCC_WARN_UNUSED_VARIABLE = YES;
				IPHONEOS_DEPLOYMENT_TARGET = 8.4;
				MTL_ENABLE_DEBUG_INFO = NO;
				SDKROOT = iphoneos;
				VALIDATE_PRODUCT = YES;
			};
			name = Release;
		};
		84EAB0101B755FC800D7E59C /* Debug */ = {
			isa = XCBuildConfiguration;
			baseConfigurationReference = BA24D3CE2891132160D8B17F /* Pods.debug.xcconfig */;
			buildSettings = {
				ASSETCATALOG_COMPILER_APPICON_NAME = AppIcon;
				ASSETCATALOG_COMPILER_LAUNCHIMAGE_NAME = LaunchImage;
				CLANG_ENABLE_MODULES = YES;
				INFOPLIST_FILE = "Bruin App Builders/Info.plist";
				IPHONEOS_DEPLOYMENT_TARGET = 8.0;
				LD_RUNPATH_SEARCH_PATHS = "$(inherited) @executable_path/Frameworks";
				PRODUCT_NAME = "$(TARGET_NAME)";
				SWIFT_OBJC_BRIDGING_HEADER = "Bruin App Builders/Bruin App Builders-Bridging-Header.h";
				SWIFT_OPTIMIZATION_LEVEL = "-Onone";
			};
			name = Debug;
		};
		84EAB0111B755FC800D7E59C /* Release */ = {
			isa = XCBuildConfiguration;
			baseConfigurationReference = A16E3AEA7B2FC07E0948E251 /* Pods.release.xcconfig */;
			buildSettings = {
				ASSETCATALOG_COMPILER_APPICON_NAME = AppIcon;
				ASSETCATALOG_COMPILER_LAUNCHIMAGE_NAME = LaunchImage;
				CLANG_ENABLE_MODULES = YES;
				INFOPLIST_FILE = "Bruin App Builders/Info.plist";
				IPHONEOS_DEPLOYMENT_TARGET = 8.0;
				LD_RUNPATH_SEARCH_PATHS = "$(inherited) @executable_path/Frameworks";
				PRODUCT_NAME = "$(TARGET_NAME)";
				SWIFT_OBJC_BRIDGING_HEADER = "Bruin App Builders/Bruin App Builders-Bridging-Header.h";
			};
			name = Release;
		};
		84EAB0131B755FC800D7E59C /* Debug */ = {
			isa = XCBuildConfiguration;
			buildSettings = {
				BUNDLE_LOADER = "$(TEST_HOST)";
				FRAMEWORK_SEARCH_PATHS = (
					"$(SDKROOT)/Developer/Library/Frameworks",
					"$(inherited)",
				);
				GCC_PREPROCESSOR_DEFINITIONS = (
					"DEBUG=1",
					"$(inherited)",
				);
				INFOPLIST_FILE = "Bruin App BuildersTests/Info.plist";
				LD_RUNPATH_SEARCH_PATHS = "$(inherited) @executable_path/Frameworks @loader_path/Frameworks";
				PRODUCT_NAME = "$(TARGET_NAME)";
				TEST_HOST = "$(BUILT_PRODUCTS_DIR)/Bruin App Builders.app/Bruin App Builders";
			};
			name = Debug;
		};
		84EAB0141B755FC800D7E59C /* Release */ = {
			isa = XCBuildConfiguration;
			buildSettings = {
				BUNDLE_LOADER = "$(TEST_HOST)";
				FRAMEWORK_SEARCH_PATHS = (
					"$(SDKROOT)/Developer/Library/Frameworks",
					"$(inherited)",
				);
				INFOPLIST_FILE = "Bruin App BuildersTests/Info.plist";
				LD_RUNPATH_SEARCH_PATHS = "$(inherited) @executable_path/Frameworks @loader_path/Frameworks";
				PRODUCT_NAME = "$(TARGET_NAME)";
				TEST_HOST = "$(BUILT_PRODUCTS_DIR)/Bruin App Builders.app/Bruin App Builders";
			};
			name = Release;
		};
/* End XCBuildConfiguration section */

/* Begin XCConfigurationList section */
		84EAAFE81B755FC800D7E59C /* Build configuration list for PBXProject "Bruin App Builders" */ = {
			isa = XCConfigurationList;
			buildConfigurations = (
				84EAB00D1B755FC800D7E59C /* Debug */,
				84EAB00E1B755FC800D7E59C /* Release */,
			);
			defaultConfigurationIsVisible = 0;
			defaultConfigurationName = Release;
		};
		84EAB00F1B755FC800D7E59C /* Build configuration list for PBXNativeTarget "Bruin App Builders" */ = {
			isa = XCConfigurationList;
			buildConfigurations = (
				84EAB0101B755FC800D7E59C /* Debug */,
				84EAB0111B755FC800D7E59C /* Release */,
			);
			defaultConfigurationIsVisible = 0;
			defaultConfigurationName = Release;
		};
		84EAB0121B755FC800D7E59C /* Build configuration list for PBXNativeTarget "Bruin App BuildersTests" */ = {
			isa = XCConfigurationList;
			buildConfigurations = (
				84EAB0131B755FC800D7E59C /* Debug */,
				84EAB0141B755FC800D7E59C /* Release */,
			);
			defaultConfigurationIsVisible = 0;
			defaultConfigurationName = Release;
		};
/* End XCConfigurationList section */

/* Begin XCVersionGroup section */
		84EAAFF41B755FC800D7E59C /* Bruin_App_Builders.xcdatamodeld */ = {
			isa = XCVersionGroup;
			children = (
				84EAAFF51B755FC800D7E59C /* Bruin_App_Builders.xcdatamodel */,
			);
			currentVersion = 84EAAFF51B755FC800D7E59C /* Bruin_App_Builders.xcdatamodel */;
			path = Bruin_App_Builders.xcdatamodeld;
			sourceTree = "<group>";
			versionGroupType = wrapper.xcdatamodel;
		};
/* End XCVersionGroup section */
	};
	rootObject = 84EAAFE51B755FC800D7E59C /* Project object */;
}
